// !$*UTF8*$!
{
	archiveVersion = 1;
	classes = {
	};
	objectVersion = 51;
	objects = {

/* Begin PBXBuildFile section */
		9F1F6F761698BFB7B6B9892B /* Pods_DocxDemo.framework in Frameworks */ = {isa = PBXBuildFile; fileRef = 17FFB7270A60081FCAB67983 /* Pods_DocxDemo.framework */; };
		C6A2DD34228A754500458405 /* document.xml in Resources */ = {isa = PBXBuildFile; fileRef = C6A2DD33228A754500458405 /* document.xml */; };
		C6D2CBC92283E1F100CEB92F /* AppDelegate.swift in Sources */ = {isa = PBXBuildFile; fileRef = C6D2CBC82283E1F100CEB92F /* AppDelegate.swift */; };
		C6D2CBCB2283E1F100CEB92F /* ViewController.swift in Sources */ = {isa = PBXBuildFile; fileRef = C6D2CBCA2283E1F100CEB92F /* ViewController.swift */; };
		C6D2CBCE2283E1F100CEB92F /* Main.storyboard in Resources */ = {isa = PBXBuildFile; fileRef = C6D2CBCC2283E1F100CEB92F /* Main.storyboard */; };
		C6D2CBD02283E1F200CEB92F /* Assets.xcassets in Resources */ = {isa = PBXBuildFile; fileRef = C6D2CBCF2283E1F200CEB92F /* Assets.xcassets */; };
		C6D2CBD32283E1F200CEB92F /* LaunchScreen.storyboard in Resources */ = {isa = PBXBuildFile; fileRef = C6D2CBD12283E1F200CEB92F /* LaunchScreen.storyboard */; };
/* End PBXBuildFile section */

/* Begin PBXFileReference section */
		17FFB7270A60081FCAB67983 /* Pods_DocxDemo.framework */ = {isa = PBXFileReference; explicitFileType = wrapper.framework; includeInIndex = 0; path = Pods_DocxDemo.framework; sourceTree = BUILT_PRODUCTS_DIR; };
		6B83DF2F8FAFA12F8E344A29 /* Pods-DocxDemo.debug.xcconfig */ = {isa = PBXFileReference; includeInIndex = 1; lastKnownFileType = text.xcconfig; name = "Pods-DocxDemo.debug.xcconfig"; path = "Target Support Files/Pods-DocxDemo/Pods-DocxDemo.debug.xcconfig"; sourceTree = "<group>"; };
		BAD7B02D90B178F01A16F197 /* Pods-DocxDemo.release.xcconfig */ = {isa = PBXFileReference; includeInIndex = 1; lastKnownFileType = text.xcconfig; name = "Pods-DocxDemo.release.xcconfig"; path = "Target Support Files/Pods-DocxDemo/Pods-DocxDemo.release.xcconfig"; sourceTree = "<group>"; };
		C6A2DD33228A754500458405 /* document.xml */ = {isa = PBXFileReference; fileEncoding = 4; lastKnownFileType = text.xml; path = document.xml; sourceTree = "<group>"; };
		C6D2CBC52283E1F100CEB92F /* DocxDemo.app */ = {isa = PBXFileReference; explicitFileType = wrapper.application; includeInIndex = 0; path = DocxDemo.app; sourceTree = BUILT_PRODUCTS_DIR; };
		C6D2CBC82283E1F100CEB92F /* AppDelegate.swift */ = {isa = PBXFileReference; lastKnownFileType = sourcecode.swift; path = AppDelegate.swift; sourceTree = "<group>"; };
		C6D2CBCA2283E1F100CEB92F /* ViewController.swift */ = {isa = PBXFileReference; lastKnownFileType = sourcecode.swift; path = ViewController.swift; sourceTree = "<group>"; };
		C6D2CBCD2283E1F100CEB92F /* Base */ = {isa = PBXFileReference; lastKnownFileType = file.storyboard; name = Base; path = Base.lproj/Main.storyboard; sourceTree = "<group>"; };
		C6D2CBCF2283E1F200CEB92F /* Assets.xcassets */ = {isa = PBXFileReference; lastKnownFileType = folder.assetcatalog; path = Assets.xcassets; sourceTree = "<group>"; };
		C6D2CBD22283E1F200CEB92F /* Base */ = {isa = PBXFileReference; lastKnownFileType = file.storyboard; name = Base; path = Base.lproj/LaunchScreen.storyboard; sourceTree = "<group>"; };
		C6D2CBD42283E1F200CEB92F /* Info.plist */ = {isa = PBXFileReference; lastKnownFileType = text.plist.xml; path = Info.plist; sourceTree = "<group>"; };
/* End PBXFileReference section */

/* Begin PBXFrameworksBuildPhase section */
		C6D2CBC22283E1F100CEB92F /* Frameworks */ = {
			isa = PBXFrameworksBuildPhase;
			buildActionMask = 2147483647;
			files = (
				9F1F6F761698BFB7B6B9892B /* Pods_DocxDemo.framework in Frameworks */,
			);
			runOnlyForDeploymentPostprocessing = 0;
		};
/* End PBXFrameworksBuildPhase section */

/* Begin PBXGroup section */
		48194B4AE250A325F5120C0A /* Frameworks */ = {
			isa = PBXGroup;
			children = (
				17FFB7270A60081FCAB67983 /* Pods_DocxDemo.framework */,
			);
			name = Frameworks;
			sourceTree = "<group>";
		};
		80FDDA772990F9AF32B0BD99 /* Pods */ = {
			isa = PBXGroup;
			children = (
				6B83DF2F8FAFA12F8E344A29 /* Pods-DocxDemo.debug.xcconfig */,
				BAD7B02D90B178F01A16F197 /* Pods-DocxDemo.release.xcconfig */,
			);
			path = Pods;
			sourceTree = "<group>";
		};
		C6D2CBBC2283E1F100CEB92F = {
			isa = PBXGroup;
			children = (
				C6D2CBC72283E1F100CEB92F /* DocxDemo */,
				C6D2CBC62283E1F100CEB92F /* Products */,
				80FDDA772990F9AF32B0BD99 /* Pods */,
				48194B4AE250A325F5120C0A /* Frameworks */,
			);
			sourceTree = "<group>";
		};
		C6D2CBC62283E1F100CEB92F /* Products */ = {
			isa = PBXGroup;
			children = (
				C6D2CBC52283E1F100CEB92F /* DocxDemo.app */,
			);
			name = Products;
			sourceTree = "<group>";
		};
		C6D2CBC72283E1F100CEB92F /* DocxDemo */ = {
			isa = PBXGroup;
			children = (
				C6D2CBC82283E1F100CEB92F /* AppDelegate.swift */,
				C6D2CBCA2283E1F100CEB92F /* ViewController.swift */,
				C6D2CBCC2283E1F100CEB92F /* Main.storyboard */,
				C6D2CBCF2283E1F200CEB92F /* Assets.xcassets */,
				C6D2CBD12283E1F200CEB92F /* LaunchScreen.storyboard */,
				C6D2CBD42283E1F200CEB92F /* Info.plist */,
				C6A2DD33228A754500458405 /* document.xml */,
			);
			path = DocxDemo;
			sourceTree = "<group>";
		};
/* End PBXGroup section */

/* Begin PBXNativeTarget section */
		C6D2CBC42283E1F100CEB92F /* DocxDemo */ = {
			isa = PBXNativeTarget;
			buildConfigurationList = C6D2CBD72283E1F200CEB92F /* Build configuration list for PBXNativeTarget "DocxDemo" */;
			buildPhases = (
				A4EEECA8752F136E9D5EF046 /* [CP] Check Pods Manifest.lock */,
				C6D2CBC12283E1F100CEB92F /* Sources */,
				C6D2CBC22283E1F100CEB92F /* Frameworks */,
				C6D2CBC32283E1F100CEB92F /* Resources */,
				9E8685E9F36C2CD916DCA9DB /* [CP] Embed Pods Frameworks */,
			);
			buildRules = (
			);
			dependencies = (
			);
			name = DocxDemo;
			productName = DocxDemo;
			productReference = C6D2CBC52283E1F100CEB92F /* DocxDemo.app */;
			productType = "com.apple.product-type.application";
		};
/* End PBXNativeTarget section */

/* Begin PBXProject section */
		C6D2CBBD2283E1F100CEB92F /* Project object */ = {
			isa = PBXProject;
			attributes = {
				LastSwiftUpdateCheck = 1020;
				LastUpgradeCheck = 1020;
				ORGANIZATIONNAME = RockerHX;
				TargetAttributes = {
					C6D2CBC42283E1F100CEB92F = {
						CreatedOnToolsVersion = 10.2.1;
					};
				};
			};
			buildConfigurationList = C6D2CBC02283E1F100CEB92F /* Build configuration list for PBXProject "DocxDemo" */;
			compatibilityVersion = "Xcode 9.3";
			developmentRegion = en;
			hasScannedForEncodings = 0;
			knownRegions = (
				en,
				Base,
			);
			mainGroup = C6D2CBBC2283E1F100CEB92F;
			productRefGroup = C6D2CBC62283E1F100CEB92F /* Products */;
			projectDirPath = "";
			projectRoot = "";
			targets = (
				C6D2CBC42283E1F100CEB92F /* DocxDemo */,
			);
		};
/* End PBXProject section */

/* Begin PBXResourcesBuildPhase section */
		C6D2CBC32283E1F100CEB92F /* Resources */ = {
			isa = PBXResourcesBuildPhase;
			buildActionMask = 2147483647;
			files = (
				C6D2CBD32283E1F200CEB92F /* LaunchScreen.storyboard in Resources */,
				C6D2CBD02283E1F200CEB92F /* Assets.xcassets in Resources */,
				C6A2DD34228A754500458405 /* document.xml in Resources */,
				C6D2CBCE2283E1F100CEB92F /* Main.storyboard in Resources */,
			);
			runOnlyForDeploymentPostprocessing = 0;
		};
/* End PBXResourcesBuildPhase section */

/* Begin PBXShellScriptBuildPhase section */
		9E8685E9F36C2CD916DCA9DB /* [CP] Embed Pods Frameworks */ = {
			isa = PBXShellScriptBuildPhase;
			buildActionMask = 2147483647;
			files = (
			);
			inputFileListPaths = (
				"${PODS_ROOT}/Target Support Files/Pods-DocxDemo/Pods-DocxDemo-frameworks-${CONFIGURATION}-input-files.xcfilelist",
			);
			name = "[CP] Embed Pods Frameworks";
			outputFileListPaths = (
				"${PODS_ROOT}/Target Support Files/Pods-DocxDemo/Pods-DocxDemo-frameworks-${CONFIGURATION}-output-files.xcfilelist",
			);
			runOnlyForDeploymentPostprocessing = 0;
			shellPath = /bin/sh;
			shellScript = "\"${PODS_ROOT}/Target Support Files/Pods-DocxDemo/Pods-DocxDemo-frameworks.sh\"\n";
			showEnvVarsInLog = 0;
		};
		A4EEECA8752F136E9D5EF046 /* [CP] Check Pods Manifest.lock */ = {
			isa = PBXShellScriptBuildPhase;
			buildActionMask = 2147483647;
			files = (
			);
			inputFileListPaths = (
			);
			inputPaths = (
				"${PODS_PODFILE_DIR_PATH}/Podfile.lock",
				"${PODS_ROOT}/Manifest.lock",
			);
			name = "[CP] Check Pods Manifest.lock";
			outputFileListPaths = (
			);
			outputPaths = (
				"$(DERIVED_FILE_DIR)/Pods-DocxDemo-checkManifestLockResult.txt",
			);
			runOnlyForDeploymentPostprocessing = 0;
			shellPath = /bin/sh;
			shellScript = "diff \"${PODS_PODFILE_DIR_PATH}/Podfile.lock\" \"${PODS_ROOT}/Manifest.lock\" > /dev/null\nif [ $? != 0 ] ; then\n    # print error to STDERR\n    echo \"error: The sandbox is not in sync with the Podfile.lock. Run 'pod install' or update your CocoaPods installation.\" >&2\n    exit 1\nfi\n# This output is used by Xcode 'outputs' to avoid re-running this script phase.\necho \"SUCCESS\" > \"${SCRIPT_OUTPUT_FILE_0}\"\n";
			showEnvVarsInLog = 0;
		};
/* End PBXShellScriptBuildPhase section */

/* Begin PBXSourcesBuildPhase section */
		C6D2CBC12283E1F100CEB92F /* Sources */ = {
			isa = PBXSourcesBuildPhase;
			buildActionMask = 2147483647;
			files = (
				C6D2CBCB2283E1F100CEB92F /* ViewController.swift in Sources */,
				C6D2CBC92283E1F100CEB92F /* AppDelegate.swift in Sources */,
			);
			runOnlyForDeploymentPostprocessing = 0;
		};
/* End PBXSourcesBuildPhase section */

/* Begin PBXVariantGroup section */
		C6D2CBCC2283E1F100CEB92F /* Main.storyboard */ = {
			isa = PBXVariantGroup;
			children = (
				C6D2CBCD2283E1F100CEB92F /* Base */,
			);
			name = Main.storyboard;
			sourceTree = "<group>";
		};
		C6D2CBD12283E1F200CEB92F /* LaunchScreen.storyboard */ = {
			isa = PBXVariantGroup;
			children = (
				C6D2CBD22283E1F200CEB92F /* Base */,
			);
			name = LaunchScreen.storyboard;
			sourceTree = "<group>";
		};
/* End PBXVariantGroup section */

/* Begin XCBuildConfiguration section */
		C6D2CBD52283E1F200CEB92F /* Debug */ = {
			isa = XCBuildConfiguration;
			buildSettings = {
				ALWAYS_SEARCH_USER_PATHS = NO;
				CLANG_ANALYZER_NONNULL = YES;
				CLANG_ANALYZER_NUMBER_OBJECT_CONVERSION = YES_AGGRESSIVE;
				CLANG_CXX_LANGUAGE_STANDARD = "gnu++14";
				CLANG_CXX_LIBRARY = "libc++";
				CLANG_ENABLE_MODULES = YES;
				CLANG_ENABLE_OBJC_ARC = YES;
				CLANG_ENABLE_OBJC_WEAK = YES;
				CLANG_WARN_BLOCK_CAPTURE_AUTORELEASING = YES;
				CLANG_WARN_BOOL_CONVERSION = YES;
				CLANG_WARN_COMMA = YES;
				CLANG_WARN_CONSTANT_CONVERSION = YES;
				CLANG_WARN_DEPRECATED_OBJC_IMPLEMENTATIONS = YES;
				CLANG_WARN_DIRECT_OBJC_ISA_USAGE = YES_ERROR;
				CLANG_WARN_DOCUMENTATION_COMMENTS = YES;
				CLANG_WARN_EMPTY_BODY = YES;
				CLANG_WARN_ENUM_CONVERSION = YES;
				CLANG_WARN_INFINITE_RECURSION = YES;
				CLANG_WARN_INT_CONVERSION = YES;
				CLANG_WARN_NON_LITERAL_NULL_CONVERSION = YES;
				CLANG_WARN_OBJC_IMPLICIT_RETAIN_SELF = YES;
				CLANG_WARN_OBJC_LITERAL_CONVERSION = YES;
				CLANG_WARN_OBJC_ROOT_CLASS = YES_ERROR;
				CLANG_WARN_RANGE_LOOP_ANALYSIS = YES;
				CLANG_WARN_STRICT_PROTOTYPES = YES;
				CLANG_WARN_SUSPICIOUS_MOVE = YES;
				CLANG_WARN_UNGUARDED_AVAILABILITY = YES_AGGRESSIVE;
				CLANG_WARN_UNREACHABLE_CODE = YES;
				CLANG_WARN__DUPLICATE_METHOD_MATCH = YES;
				CODE_SIGN_IDENTITY = "iPhone Developer";
				COPY_PHASE_STRIP = NO;
				DEBUG_INFORMATION_FORMAT = dwarf;
				ENABLE_STRICT_OBJC_MSGSEND = YES;
				ENABLE_TESTABILITY = YES;
				GCC_C_LANGUAGE_STANDARD = gnu11;
				GCC_DYNAMIC_NO_PIC = NO;
				GCC_NO_COMMON_BLOCKS = YES;
				GCC_OPTIMIZATION_LEVEL = 0;
				GCC_PREPROCESSOR_DEFINITIONS = (
					"DEBUG=1",
					"$(inherited)",
				);
				GCC_WARN_64_TO_32_BIT_CONVERSION = YES;
				GCC_WARN_ABOUT_RETURN_TYPE = YES_ERROR;
				GCC_WARN_UNDECLARED_SELECTOR = YES;
				GCC_WARN_UNINITIALIZED_AUTOS = YES_AGGRESSIVE;
				GCC_WARN_UNUSED_FUNCTION = YES;
				GCC_WARN_UNUSED_VARIABLE = YES;
				IPHONEOS_DEPLOYMENT_TARGET = 12.2;
				MTL_ENABLE_DEBUG_INFO = INCLUDE_SOURCE;
				MTL_FAST_MATH = YES;
				ONLY_ACTIVE_ARCH = YES;
				SDKROOT = iphoneos;
				SWIFT_ACTIVE_COMPILATION_CONDITIONS = DEBUG;
				SWIFT_OPTIMIZATION_LEVEL = "-Onone";
			};
			name = Debug;
		};
		C6D2CBD62283E1F200CEB92F /* Release */ = {
			isa = XCBuildConfiguration;
			buildSettings = {
				ALWAYS_SEARCH_USER_PATHS = NO;
				CLANG_ANALYZER_NONNULL = YES;
				CLANG_ANALYZER_NUMBER_OBJECT_CONVERSION = YES_AGGRESSIVE;
				CLANG_CXX_LANGUAGE_STANDARD = "gnu++14";
				CLANG_CXX_LIBRARY = "libc++";
				CLANG_ENABLE_MODULES = YES;
				CLANG_ENABLE_OBJC_ARC = YES;
				CLANG_ENABLE_OBJC_WEAK = YES;
				CLANG_WARN_BLOCK_CAPTURE_AUTORELEASING = YES;
				CLANG_WARN_BOOL_CONVERSION = YES;
				CLANG_WARN_COMMA = YES;
				CLANG_WARN_CONSTANT_CONVERSION = YES;
				CLANG_WARN_DEPRECATED_OBJC_IMPLEMENTATIONS = YES;
				CLANG_WARN_DIRECT_OBJC_ISA_USAGE = YES_ERROR;
				CLANG_WARN_DOCUMENTATION_COMMENTS = YES;
				CLANG_WARN_EMPTY_BODY = YES;
				CLANG_WARN_ENUM_CONVERSION = YES;
				CLANG_WARN_INFINITE_RECURSION = YES;
				CLANG_WARN_INT_CONVERSION = YES;
				CLANG_WARN_NON_LITERAL_NULL_CONVERSION = YES;
				CLANG_WARN_OBJC_IMPLICIT_RETAIN_SELF = YES;
				CLANG_WARN_OBJC_LITERAL_CONVERSION = YES;
				CLANG_WARN_OBJC_ROOT_CLASS = YES_ERROR;
				CLANG_WARN_RANGE_LOOP_ANALYSIS = YES;
				CLANG_WARN_STRICT_PROTOTYPES = YES;
				CLANG_WARN_SUSPICIOUS_MOVE = YES;
				CLANG_WARN_UNGUARDED_AVAILABILITY = YES_AGGRESSIVE;
				CLANG_WARN_UNREACHABLE_CODE = YES;
				CLANG_WARN__DUPLICATE_METHOD_MATCH = YES;
				CODE_SIGN_IDENTITY = "iPhone Developer";
				COPY_PHASE_STRIP = NO;
				DEBUG_INFORMATION_FORMAT = "dwarf-with-dsym";
				ENABLE_NS_ASSERTIONS = NO;
				ENABLE_STRICT_OBJC_MSGSEND = YES;
				GCC_C_LANGUAGE_STANDARD = gnu11;
				GCC_NO_COMMON_BLOCKS = YES;
				GCC_WARN_64_TO_32_BIT_CONVERSION = YES;
				GCC_WARN_ABOUT_RETURN_TYPE = YES_ERROR;
				GCC_WARN_UNDECLARED_SELECTOR = YES;
				GCC_WARN_UNINITIALIZED_AUTOS = YES_AGGRESSIVE;
				GCC_WARN_UNUSED_FUNCTION = YES;
				GCC_WARN_UNUSED_VARIABLE = YES;
				IPHONEOS_DEPLOYMENT_TARGET = 12.2;
				MTL_ENABLE_DEBUG_INFO = NO;
				MTL_FAST_MATH = YES;
				SDKROOT = iphoneos;
				SWIFT_COMPILATION_MODE = wholemodule;
				SWIFT_OPTIMIZATION_LEVEL = "-O";
				VALIDATE_PRODUCT = YES;
			};
			name = Release;
		};
		C6D2CBD82283E1F200CEB92F /* Debug */ = {
			isa = XCBuildConfiguration;
			baseConfigurationReference = 6B83DF2F8FAFA12F8E344A29 /* Pods-DocxDemo.debug.xcconfig */;
			buildSettings = {
				ASSETCATALOG_COMPILER_APPICON_NAME = AppIcon;
				CODE_SIGN_STYLE = Automatic;
				DEVELOPMENT_TEAM = HG8SBJDJPT;
				INFOPLIST_FILE = DocxDemo/Info.plist;
				IPHONEOS_DEPLOYMENT_TARGET = 10.0;
				LD_RUNPATH_SEARCH_PATHS = (
					"$(inherited)",
					"@executable_path/Frameworks",
				);
				PRODUCT_BUNDLE_IDENTIFIER = cc.caver.DocxDemo;
				PRODUCT_NAME = "$(TARGET_NAME)";
				SWIFT_VERSION = 5.0;
				TARGETED_DEVICE_FAMILY = "1,2";
			};
			name = Debug;
		};
		C6D2CBD92283E1F200CEB92F /* Release */ = {
			isa = XCBuildConfiguration;
			baseConfigurationReference = BAD7B02D90B178F01A16F197 /* Pods-DocxDemo.release.xcconfig */;
			buildSettings = {
				ASSETCATALOG_COMPILER_APPICON_NAME = AppIcon;
				CODE_SIGN_STYLE = Automatic;
				DEVELOPMENT_TEAM = HG8SBJDJPT;
				INFOPLIST_FILE = DocxDemo/Info.plist;
				IPHONEOS_DEPLOYMENT_TARGET = 10.0;
				LD_RUNPATH_SEARCH_PATHS = (
					"$(inherited)",
					"@executable_path/Frameworks",
				);
				PRODUCT_BUNDLE_IDENTIFIER = cc.caver.DocxDemo;
				PRODUCT_NAME = "$(TARGET_NAME)";
				SWIFT_VERSION = 5.0;
				TARGETED_DEVICE_FAMILY = "1,2";
			};
			name = Release;
		};
/* End XCBuildConfiguration section */

/* Begin XCConfigurationList section */
		C6D2CBC02283E1F100CEB92F /* Build configuration list for PBXProject "DocxDemo" */ = {
			isa = XCConfigurationList;
			buildConfigurations = (
				C6D2CBD52283E1F200CEB92F /* Debug */,
				C6D2CBD62283E1F200CEB92F /* Release */,
			);
			defaultConfigurationIsVisible = 0;
			defaultConfigurationName = Release;
		};
		C6D2CBD72283E1F200CEB92F /* Build configuration list for PBXNativeTarget "DocxDemo" */ = {
			isa = XCConfigurationList;
			buildConfigurations = (
				C6D2CBD82283E1F200CEB92F /* Debug */,
				C6D2CBD92283E1F200CEB92F /* Release */,
			);
			defaultConfigurationIsVisible = 0;
			defaultConfigurationName = Release;
		};
/* End XCConfigurationList section */
	};
	rootObject = C6D2CBBD2283E1F100CEB92F /* Project object */;
}
